// !$*UTF8*$!
{
	archiveVersion = 1;
	classes = {
	};
	objectVersion = 56;
	objects = {

/* Begin PBXBuildFile section */
		739C1F7C29A55A6900BA11A6 /* KeyboardToolkitApp.swift in Sources */ = {isa = PBXBuildFile; fileRef = 739C1F7B29A55A6900BA11A6 /* KeyboardToolkitApp.swift */; };
		739C1F7E29A55A6900BA11A6 /* ContentView.swift in Sources */ = {isa = PBXBuildFile; fileRef = 739C1F7D29A55A6900BA11A6 /* ContentView.swift */; };
		739C1F8029A55A6A00BA11A6 /* Assets.xcassets in Resources */ = {isa = PBXBuildFile; fileRef = 739C1F7F29A55A6A00BA11A6 /* Assets.xcassets */; };
		739C1F8329A55A6A00BA11A6 /* Preview Assets.xcassets in Resources */ = {isa = PBXBuildFile; fileRef = 739C1F8229A55A6A00BA11A6 /* Preview Assets.xcassets */; };
		739C1F8E29A55A6A00BA11A6 /* KeyboardToolkitTests.swift in Sources */ = {isa = PBXBuildFile; fileRef = 739C1F8D29A55A6A00BA11A6 /* KeyboardToolkitTests.swift */; };
		739C1F9829A55A6A00BA11A6 /* KeyboardToolkitUITests.swift in Sources */ = {isa = PBXBuildFile; fileRef = 739C1F9729A55A6A00BA11A6 /* KeyboardToolkitUITests.swift */; };
		739C1F9A29A55A6A00BA11A6 /* KeyboardToolkitUITestsLaunchTests.swift in Sources */ = {isa = PBXBuildFile; fileRef = 739C1F9929A55A6A00BA11A6 /* KeyboardToolkitUITestsLaunchTests.swift */; };
/* End PBXBuildFile section */

/* Begin PBXContainerItemProxy section */
		739C1F8A29A55A6A00BA11A6 /* PBXContainerItemProxy */ = {
			isa = PBXContainerItemProxy;
			containerPortal = 739C1F7029A55A6900BA11A6 /* Project object */;
			proxyType = 1;
			remoteGlobalIDString = 739C1F7729A55A6900BA11A6;
			remoteInfo = KeyboardToolkit;
		};
		739C1F9429A55A6A00BA11A6 /* PBXContainerItemProxy */ = {
			isa = PBXContainerItemProxy;
			containerPortal = 739C1F7029A55A6900BA11A6 /* Project object */;
			proxyType = 1;
			remoteGlobalIDString = 739C1F7729A55A6900BA11A6;
			remoteInfo = KeyboardToolkit;
		};
/* End PBXContainerItemProxy section */

/* Begin PBXFileReference section */
		739C1F7829A55A6900BA11A6 /* KeyboardToolkit.app */ = {isa = PBXFileReference; explicitFileType = wrapper.application; includeInIndex = 0; path = KeyboardToolkit.app; sourceTree = BUILT_PRODUCTS_DIR; };
		739C1F7B29A55A6900BA11A6 /* KeyboardToolkitApp.swift */ = {isa = PBXFileReference; lastKnownFileType = sourcecode.swift; path = KeyboardToolkitApp.swift; sourceTree = "<group>"; };
		739C1F7D29A55A6900BA11A6 /* ContentView.swift */ = {isa = PBXFileReference; lastKnownFileType = sourcecode.swift; path = ContentView.swift; sourceTree = "<group>"; };
		739C1F7F29A55A6A00BA11A6 /* Assets.xcassets */ = {isa = PBXFileReference; lastKnownFileType = folder.assetcatalog; path = Assets.xcassets; sourceTree = "<group>"; };
		739C1F8229A55A6A00BA11A6 /* Preview Assets.xcassets */ = {isa = PBXFileReference; lastKnownFileType = folder.assetcatalog; path = "Preview Assets.xcassets"; sourceTree = "<group>"; };
		739C1F8429A55A6A00BA11A6 /* KeyboardToolkit.entitlements */ = {isa = PBXFileReference; lastKnownFileType = text.plist.entitlements; path = KeyboardToolkit.entitlements; sourceTree = "<group>"; };
		739C1F8929A55A6A00BA11A6 /* KeyboardToolkitTests.xctest */ = {isa = PBXFileReference; explicitFileType = wrapper.cfbundle; includeInIndex = 0; path = KeyboardToolkitTests.xctest; sourceTree = BUILT_PRODUCTS_DIR; };
		739C1F8D29A55A6A00BA11A6 /* KeyboardToolkitTests.swift */ = {isa = PBXFileReference; lastKnownFileType = sourcecode.swift; path = KeyboardToolkitTests.swift; sourceTree = "<group>"; };
		739C1F9329A55A6A00BA11A6 /* KeyboardToolkitUITests.xctest */ = {isa = PBXFileReference; explicitFileType = wrapper.cfbundle; includeInIndex = 0; path = KeyboardToolkitUITests.xctest; sourceTree = BUILT_PRODUCTS_DIR; };
		739C1F9729A55A6A00BA11A6 /* KeyboardToolkitUITests.swift */ = {isa = PBXFileReference; lastKnownFileType = sourcecode.swift; path = KeyboardToolkitUITests.swift; sourceTree = "<group>"; };
		739C1F9929A55A6A00BA11A6 /* KeyboardToolkitUITestsLaunchTests.swift */ = {isa = PBXFileReference; lastKnownFileType = sourcecode.swift; path = KeyboardToolkitUITestsLaunchTests.swift; sourceTree = "<group>"; };
/* End PBXFileReference section */

/* Begin PBXFrameworksBuildPhase section */
		739C1F7529A55A6900BA11A6 /* Frameworks */ = {
			isa = PBXFrameworksBuildPhase;
			buildActionMask = 2147483647;
			files = (
			);
			runOnlyForDeploymentPostprocessing = 0;
		};
		739C1F8629A55A6A00BA11A6 /* Frameworks */ = {
			isa = PBXFrameworksBuildPhase;
			buildActionMask = 2147483647;
			files = (
			);
			runOnlyForDeploymentPostprocessing = 0;
		};
		739C1F9029A55A6A00BA11A6 /* Frameworks */ = {
			isa = PBXFrameworksBuildPhase;
			buildActionMask = 2147483647;
			files = (
			);
			runOnlyForDeploymentPostprocessing = 0;
		};
/* End PBXFrameworksBuildPhase section */

/* Begin PBXGroup section */
		739C1F6F29A55A6900BA11A6 = {
			isa = PBXGroup;
			children = (
				739C1F7A29A55A6900BA11A6 /* KeyboardToolkit */,
				739C1F8C29A55A6A00BA11A6 /* KeyboardToolkitTests */,
				739C1F9629A55A6A00BA11A6 /* KeyboardToolkitUITests */,
				739C1F7929A55A6900BA11A6 /* Products */,
			);
			sourceTree = "<group>";
		};
		739C1F7929A55A6900BA11A6 /* Products */ = {
			isa = PBXGroup;
			children = (
				739C1F7829A55A6900BA11A6 /* KeyboardToolkit.app */,
				739C1F8929A55A6A00BA11A6 /* KeyboardToolkitTests.xctest */,
				739C1F9329A55A6A00BA11A6 /* KeyboardToolkitUITests.xctest */,
			);
			name = Products;
			sourceTree = "<group>";
		};
		739C1F7A29A55A6900BA11A6 /* KeyboardToolkit */ = {
			isa = PBXGroup;
			children = (
				739C1F7B29A55A6900BA11A6 /* KeyboardToolkitApp.swift */,
				739C1F7D29A55A6900BA11A6 /* ContentView.swift */,
				739C1F7F29A55A6A00BA11A6 /* Assets.xcassets */,
				739C1F8429A55A6A00BA11A6 /* KeyboardToolkit.entitlements */,
				739C1F8129A55A6A00BA11A6 /* Preview Content */,
			);
			path = KeyboardToolkit;
			sourceTree = "<group>";
		};
		739C1F8129A55A6A00BA11A6 /* Preview Content */ = {
			isa = PBXGroup;
			children = (
				739C1F8229A55A6A00BA11A6 /* Preview Assets.xcassets */,
			);
			path = "Preview Content";
			sourceTree = "<group>";
		};
		739C1F8C29A55A6A00BA11A6 /* KeyboardToolkitTests */ = {
			isa = PBXGroup;
			children = (
				739C1F8D29A55A6A00BA11A6 /* KeyboardToolkitTests.swift */,
			);
			path = KeyboardToolkitTests;
			sourceTree = "<group>";
		};
		739C1F9629A55A6A00BA11A6 /* KeyboardToolkitUITests */ = {
			isa = PBXGroup;
			children = (
				739C1F9729A55A6A00BA11A6 /* KeyboardToolkitUITests.swift */,
				739C1F9929A55A6A00BA11A6 /* KeyboardToolkitUITestsLaunchTests.swift */,
			);
			path = KeyboardToolkitUITests;
			sourceTree = "<group>";
		};
/* End PBXGroup section */

/* Begin PBXNativeTarget section */
		739C1F7729A55A6900BA11A6 /* KeyboardToolkit */ = {
			isa = PBXNativeTarget;
			buildConfigurationList = 739C1F9D29A55A6A00BA11A6 /* Build configuration list for PBXNativeTarget "KeyboardToolkit" */;
			buildPhases = (
				739C1F7429A55A6900BA11A6 /* Sources */,
				739C1F7529A55A6900BA11A6 /* Frameworks */,
				739C1F7629A55A6900BA11A6 /* Resources */,
			);
			buildRules = (
			);
			dependencies = (
			);
			name = KeyboardToolkit;
			productName = KeyboardToolkit;
			productReference = 739C1F7829A55A6900BA11A6 /* KeyboardToolkit.app */;
			productType = "com.apple.product-type.application";
		};
		739C1F8829A55A6A00BA11A6 /* KeyboardToolkitTests */ = {
			isa = PBXNativeTarget;
			buildConfigurationList = 739C1FA029A55A6A00BA11A6 /* Build configuration list for PBXNativeTarget "KeyboardToolkitTests" */;
			buildPhases = (
				739C1F8529A55A6A00BA11A6 /* Sources */,
				739C1F8629A55A6A00BA11A6 /* Frameworks */,
				739C1F8729A55A6A00BA11A6 /* Resources */,
			);
			buildRules = (
			);
			dependencies = (
				739C1F8B29A55A6A00BA11A6 /* PBXTargetDependency */,
			);
			name = KeyboardToolkitTests;
			productName = KeyboardToolkitTests;
			productReference = 739C1F8929A55A6A00BA11A6 /* KeyboardToolkitTests.xctest */;
			productType = "com.apple.product-type.bundle.unit-test";
		};
		739C1F9229A55A6A00BA11A6 /* KeyboardToolkitUITests */ = {
			isa = PBXNativeTarget;
			buildConfigurationList = 739C1FA329A55A6A00BA11A6 /* Build configuration list for PBXNativeTarget "KeyboardToolkitUITests" */;
			buildPhases = (
				739C1F8F29A55A6A00BA11A6 /* Sources */,
				739C1F9029A55A6A00BA11A6 /* Frameworks */,
				739C1F9129A55A6A00BA11A6 /* Resources */,
			);
			buildRules = (
			);
			dependencies = (
				739C1F9529A55A6A00BA11A6 /* PBXTargetDependency */,
			);
			name = KeyboardToolkitUITests;
			productName = KeyboardToolkitUITests;
			productReference = 739C1F9329A55A6A00BA11A6 /* KeyboardToolkitUITests.xctest */;
			productType = "com.apple.product-type.bundle.ui-testing";
		};
/* End PBXNativeTarget section */

/* Begin PBXProject section */
		739C1F7029A55A6900BA11A6 /* Project object */ = {
			isa = PBXProject;
			attributes = {
				BuildIndependentTargetsInParallel = 1;
				LastSwiftUpdateCheck = 1420;
				LastUpgradeCheck = 1420;
				TargetAttributes = {
					739C1F7729A55A6900BA11A6 = {
						CreatedOnToolsVersion = 14.2;
					};
					739C1F8829A55A6A00BA11A6 = {
						CreatedOnToolsVersion = 14.2;
						TestTargetID = 739C1F7729A55A6900BA11A6;
					};
					739C1F9229A55A6A00BA11A6 = {
						CreatedOnToolsVersion = 14.2;
						TestTargetID = 739C1F7729A55A6900BA11A6;
					};
				};
			};
			buildConfigurationList = 739C1F7329A55A6900BA11A6 /* Build configuration list for PBXProject "KeyboardToolkit" */;
			compatibilityVersion = "Xcode 14.0";
			developmentRegion = en;
			hasScannedForEncodings = 0;
			knownRegions = (
				en,
				Base,
			);
			mainGroup = 739C1F6F29A55A6900BA11A6;
			productRefGroup = 739C1F7929A55A6900BA11A6 /* Products */;
			projectDirPath = "";
			projectRoot = "";
			targets = (
				739C1F7729A55A6900BA11A6 /* KeyboardToolkit */,
				739C1F8829A55A6A00BA11A6 /* KeyboardToolkitTests */,
				739C1F9229A55A6A00BA11A6 /* KeyboardToolkitUITests */,
			);
		};
/* End PBXProject section */

/* Begin PBXResourcesBuildPhase section */
		739C1F7629A55A6900BA11A6 /* Resources */ = {
			isa = PBXResourcesBuildPhase;
			buildActionMask = 2147483647;
			files = (
				739C1F8329A55A6A00BA11A6 /* Preview Assets.xcassets in Resources */,
				739C1F8029A55A6A00BA11A6 /* Assets.xcassets in Resources */,
			);
			runOnlyForDeploymentPostprocessing = 0;
		};
		739C1F8729A55A6A00BA11A6 /* Resources */ = {
			isa = PBXResourcesBuildPhase;
			buildActionMask = 2147483647;
			files = (
			);
			runOnlyForDeploymentPostprocessing = 0;
		};
		739C1F9129A55A6A00BA11A6 /* Resources */ = {
			isa = PBXResourcesBuildPhase;
			buildActionMask = 2147483647;
			files = (
			);
			runOnlyForDeploymentPostprocessing = 0;
		};
/* End PBXResourcesBuildPhase section */

/* Begin PBXSourcesBuildPhase section */
		739C1F7429A55A6900BA11A6 /* Sources */ = {
			isa = PBXSourcesBuildPhase;
			buildActionMask = 2147483647;
			files = (
				739C1F7E29A55A6900BA11A6 /* ContentView.swift in Sources */,
				739C1F7C29A55A6900BA11A6 /* KeyboardToolkitApp.swift in Sources */,
			);
			runOnlyForDeploymentPostprocessing = 0;
		};
		739C1F8529A55A6A00BA11A6 /* Sources */ = {
			isa = PBXSourcesBuildPhase;
			buildActionMask = 2147483647;
			files = (
				739C1F8E29A55A6A00BA11A6 /* KeyboardToolkitTests.swift in Sources */,
			);
			runOnlyForDeploymentPostprocessing = 0;
		};
		739C1F8F29A55A6A00BA11A6 /* Sources */ = {
			isa = PBXSourcesBuildPhase;
			buildActionMask = 2147483647;
			files = (
				739C1F9A29A55A6A00BA11A6 /* KeyboardToolkitUITestsLaunchTests.swift in Sources */,
				739C1F9829A55A6A00BA11A6 /* KeyboardToolkitUITests.swift in Sources */,
			);
			runOnlyForDeploymentPostprocessing = 0;
		};
/* End PBXSourcesBuildPhase section */

/* Begin PBXTargetDependency section */
		739C1F8B29A55A6A00BA11A6 /* PBXTargetDependency */ = {
			isa = PBXTargetDependency;
			target = 739C1F7729A55A6900BA11A6 /* KeyboardToolkit */;
			targetProxy = 739C1F8A29A55A6A00BA11A6 /* PBXContainerItemProxy */;
		};
		739C1F9529A55A6A00BA11A6 /* PBXTargetDependency */ = {
			isa = PBXTargetDependency;
			target = 739C1F7729A55A6900BA11A6 /* KeyboardToolkit */;
			targetProxy = 739C1F9429A55A6A00BA11A6 /* PBXContainerItemProxy */;
		};
/* End PBXTargetDependency section */

/* Begin XCBuildConfiguration section */
		739C1F9B29A55A6A00BA11A6 /* Debug */ = {
			isa = XCBuildConfiguration;
			buildSettings = {
				ALWAYS_SEARCH_USER_PATHS = NO;
				CLANG_ANALYZER_NONNULL = YES;
				CLANG_ANALYZER_NUMBER_OBJECT_CONVERSION = YES_AGGRESSIVE;
				CLANG_CXX_LANGUAGE_STANDARD = "gnu++20";
				CLANG_ENABLE_MODULES = YES;
				CLANG_ENABLE_OBJC_ARC = YES;
				CLANG_ENABLE_OBJC_WEAK = YES;
				CLANG_WARN_BLOCK_CAPTURE_AUTORELEASING = YES;
				CLANG_WARN_BOOL_CONVERSION = YES;
				CLANG_WARN_COMMA = YES;
				CLANG_WARN_CONSTANT_CONVERSION = YES;
				CLANG_WARN_DEPRECATED_OBJC_IMPLEMENTATIONS = YES;
				CLANG_WARN_DIRECT_OBJC_ISA_USAGE = YES_ERROR;
				CLANG_WARN_DOCUMENTATION_COMMENTS = YES;
				CLANG_WARN_EMPTY_BODY = YES;
				CLANG_WARN_ENUM_CONVERSION = YES;
				CLANG_WARN_INFINITE_RECURSION = YES;
				CLANG_WARN_INT_CONVERSION = YES;
				CLANG_WARN_NON_LITERAL_NULL_CONVERSION = YES;
				CLANG_WARN_OBJC_IMPLICIT_RETAIN_SELF = YES;
				CLANG_WARN_OBJC_LITERAL_CONVERSION = YES;
				CLANG_WARN_OBJC_ROOT_CLASS = YES_ERROR;
				CLANG_WARN_QUOTED_INCLUDE_IN_FRAMEWORK_HEADER = YES;
				CLANG_WARN_RANGE_LOOP_ANALYSIS = YES;
				CLANG_WARN_STRICT_PROTOTYPES = YES;
				CLANG_WARN_SUSPICIOUS_MOVE = YES;
				CLANG_WARN_UNGUARDED_AVAILABILITY = YES_AGGRESSIVE;
				CLANG_WARN_UNREACHABLE_CODE = YES;
				CLANG_WARN__DUPLICATE_METHOD_MATCH = YES;
				COPY_PHASE_STRIP = NO;
				DEBUG_INFORMATION_FORMAT = dwarf;
				ENABLE_STRICT_OBJC_MSGSEND = YES;
				ENABLE_TESTABILITY = YES;
				GCC_C_LANGUAGE_STANDARD = gnu11;
				GCC_DYNAMIC_NO_PIC = NO;
				GCC_NO_COMMON_BLOCKS = YES;
				GCC_OPTIMIZATION_LEVEL = 0;
				GCC_PREPROCESSOR_DEFINITIONS = (
					"DEBUG=1",
					"$(inherited)",
				);
				GCC_WARN_64_TO_32_BIT_CONVERSION = YES;
				GCC_WARN_ABOUT_RETURN_TYPE = YES_ERROR;
				GCC_WARN_UNDECLARED_SELECTOR = YES;
				GCC_WARN_UNINITIALIZED_AUTOS = YES_AGGRESSIVE;
				GCC_WARN_UNUSED_FUNCTION = YES;
				GCC_WARN_UNUSED_VARIABLE = YES;
				MACOSX_DEPLOYMENT_TARGET = 13.0;
				MTL_ENABLE_DEBUG_INFO = INCLUDE_SOURCE;
				MTL_FAST_MATH = YES;
				ONLY_ACTIVE_ARCH = YES;
				SDKROOT = macosx;
				SWIFT_ACTIVE_COMPILATION_CONDITIONS = DEBUG;
				SWIFT_OPTIMIZATION_LEVEL = "-Onone";
			};
			name = Debug;
		};
		739C1F9C29A55A6A00BA11A6 /* Release */ = {
			isa = XCBuildConfiguration;
			buildSettings = {
				ALWAYS_SEARCH_USER_PATHS = NO;
				CLANG_ANALYZER_NONNULL = YES;
				CLANG_ANALYZER_NUMBER_OBJECT_CONVERSION = YES_AGGRESSIVE;
				CLANG_CXX_LANGUAGE_STANDARD = "gnu++20";
				CLANG_ENABLE_MODULES = YES;
				CLANG_ENABLE_OBJC_ARC = YES;
				CLANG_ENABLE_OBJC_WEAK = YES;
				CLANG_WARN_BLOCK_CAPTURE_AUTORELEASING = YES;
				CLANG_WARN_BOOL_CONVERSION = YES;
				CLANG_WARN_COMMA = YES;
				CLANG_WARN_CONSTANT_CONVERSION = YES;
				CLANG_WARN_DEPRECATED_OBJC_IMPLEMENTATIONS = YES;
				CLANG_WARN_DIRECT_OBJC_ISA_USAGE = YES_ERROR;
				CLANG_WARN_DOCUMENTATION_COMMENTS = YES;
				CLANG_WARN_EMPTY_BODY = YES;
				CLANG_WARN_ENUM_CONVERSION = YES;
				CLANG_WARN_INFINITE_RECURSION = YES;
				CLANG_WARN_INT_CONVERSION = YES;
				CLANG_WARN_NON_LITERAL_NULL_CONVERSION = YES;
				CLANG_WARN_OBJC_IMPLICIT_RETAIN_SELF = YES;
				CLANG_WARN_OBJC_LITERAL_CONVERSION = YES;
				CLANG_WARN_OBJC_ROOT_CLASS = YES_ERROR;
				CLANG_WARN_QUOTED_INCLUDE_IN_FRAMEWORK_HEADER = YES;
				CLANG_WARN_RANGE_LOOP_ANALYSIS = YES;
				CLANG_WARN_STRICT_PROTOTYPES = YES;
				CLANG_WARN_SUSPICIOUS_MOVE = YES;
				CLANG_WARN_UNGUARDED_AVAILABILITY = YES_AGGRESSIVE;
				CLANG_WARN_UNREACHABLE_CODE = YES;
				CLANG_WARN__DUPLICATE_METHOD_MATCH = YES;
				COPY_PHASE_STRIP = NO;
				DEBUG_INFORMATION_FORMAT = "dwarf-with-dsym";
				ENABLE_NS_ASSERTIONS = NO;
				ENABLE_STRICT_OBJC_MSGSEND = YES;
				GCC_C_LANGUAGE_STANDARD = gnu11;
				GCC_NO_COMMON_BLOCKS = YES;
				GCC_WARN_64_TO_32_BIT_CONVERSION = YES;
				GCC_WARN_ABOUT_RETURN_TYPE = YES_ERROR;
				GCC_WARN_UNDECLARED_SELECTOR = YES;
				GCC_WARN_UNINITIALIZED_AUTOS = YES_AGGRESSIVE;
				GCC_WARN_UNUSED_FUNCTION = YES;
				GCC_WARN_UNUSED_VARIABLE = YES;
				MACOSX_DEPLOYMENT_TARGET = 13.0;
				MTL_ENABLE_DEBUG_INFO = NO;
				MTL_FAST_MATH = YES;
				SDKROOT = macosx;
				SWIFT_COMPILATION_MODE = wholemodule;
				SWIFT_OPTIMIZATION_LEVEL = "-O";
			};
			name = Release;
		};
		739C1F9E29A55A6A00BA11A6 /* Debug */ = {
			isa = XCBuildConfiguration;
			buildSettings = {
				ASSETCATALOG_COMPILER_APPICON_NAME = AppIcon;
				ASSETCATALOG_COMPILER_GLOBAL_ACCENT_COLOR_NAME = AccentColor;
				CODE_SIGN_ENTITLEMENTS = KeyboardToolkit/KeyboardToolkit.entitlements;
				CODE_SIGN_STYLE = Automatic;
				COMBINE_HIDPI_IMAGES = YES;
				CURRENT_PROJECT_VERSION = 1;
				DEVELOPMENT_ASSET_PATHS = "\"KeyboardToolkit/Preview Content\"";
				DEVELOPMENT_TEAM = KU7F2485C4;
				ENABLE_HARDENED_RUNTIME = YES;
				ENABLE_PREVIEWS = YES;
				GENERATE_INFOPLIST_FILE = YES;
				INFOPLIST_KEY_NSHumanReadableCopyright = "";
				LD_RUNPATH_SEARCH_PATHS = (
					"$(inherited)",
					"@executable_path/../Frameworks",
				);
				MARKETING_VERSION = 1.0;
				PRODUCT_BUNDLE_IDENTIFIER = com.CYBRXT.KeyboardToolkit;
				PRODUCT_NAME = "$(TARGET_NAME)";
				SWIFT_EMIT_LOC_STRINGS = YES;
				SWIFT_VERSION = 5.0;
			};
			name = Debug;
		};
		739C1F9F29A55A6A00BA11A6 /* Release */ = {
			isa = XCBuildConfiguration;
			buildSettings = {
				ASSETCATALOG_COMPILER_APPICON_NAME = AppIcon;
				ASSETCATALOG_COMPILER_GLOBAL_ACCENT_COLOR_NAME = AccentColor;
				CODE_SIGN_ENTITLEMENTS = KeyboardToolkit/KeyboardToolkit.entitlements;
				CODE_SIGN_STYLE = Automatic;
				COMBINE_HIDPI_IMAGES = YES;
				CURRENT_PROJECT_VERSION = 1;
				DEVELOPMENT_ASSET_PATHS = "\"KeyboardToolkit/Preview Content\"";
				DEVELOPMENT_TEAM = KU7F2485C4;
				ENABLE_HARDENED_RUNTIME = YES;
				ENABLE_PREVIEWS = YES;
				GENERATE_INFOPLIST_FILE = YES;
				INFOPLIST_KEY_NSHumanReadableCopyright = "";
				LD_RUNPATH_SEARCH_PATHS = (
					"$(inherited)",
					"@executable_path/../Frameworks",
				);
				MARKETING_VERSION = 1.0;
				PRODUCT_BUNDLE_IDENTIFIER = com.CYBRXT.KeyboardToolkit;
				PRODUCT_NAME = "$(TARGET_NAME)";
				SWIFT_EMIT_LOC_STRINGS = YES;
				SWIFT_VERSION = 5.0;
			};
			name = Release;
		};
		739C1FA129A55A6A00BA11A6 /* Debug */ = {
			isa = XCBuildConfiguration;
			buildSettings = {
				ALWAYS_EMBED_SWIFT_STANDARD_LIBRARIES = YES;
				BUNDLE_LOADER = "$(TEST_HOST)";
				CODE_SIGN_STYLE = Automatic;
				CURRENT_PROJECT_VERSION = 1;
				DEVELOPMENT_TEAM = KU7F2485C4;
				GENERATE_INFOPLIST_FILE = YES;
				MACOSX_DEPLOYMENT_TARGET = 13.0;
				MARKETING_VERSION = 1.0;
				PRODUCT_BUNDLE_IDENTIFIER = com.CYBRXT.KeyboardToolkitTests;
				PRODUCT_NAME = "$(TARGET_NAME)";
				SWIFT_EMIT_LOC_STRINGS = NO;
				SWIFT_VERSION = 5.0;
				TEST_HOST = "$(BUILT_PRODUCTS_DIR)/KeyboardToolkit.app/$(BUNDLE_EXECUTABLE_FOLDER_PATH)/KeyboardToolkit";
			};
			name = Debug;
		};
		739C1FA229A55A6A00BA11A6 /* Release */ = {
			isa = XCBuildConfiguration;
			buildSettings = {
				ALWAYS_EMBED_SWIFT_STANDARD_LIBRARIES = YES;
				BUNDLE_LOADER = "$(TEST_HOST)";
				CODE_SIGN_STYLE = Automatic;
				CURRENT_PROJECT_VERSION = 1;
				DEVELOPMENT_TEAM = KU7F2485C4;
				GENERATE_INFOPLIST_FILE = YES;
				MACOSX_DEPLOYMENT_TARGET = 13.0;
				MARKETING_VERSION = 1.0;
				PRODUCT_BUNDLE_IDENTIFIER = com.CYBRXT.KeyboardToolkitTests;
				PRODUCT_NAME = "$(TARGET_NAME)";
				SWIFT_EMIT_LOC_STRINGS = NO;
				SWIFT_VERSION = 5.0;
				TEST_HOST = "$(BUILT_PRODUCTS_DIR)/KeyboardToolkit.app/$(BUNDLE_EXECUTABLE_FOLDER_PATH)/KeyboardToolkit";
			};
			name = Release;
		};
		739C1FA429A55A6A00BA11A6 /* Debug */ = {
			isa = XCBuildConfiguration;
			buildSettings = {
				ALWAYS_EMBED_SWIFT_STANDARD_LIBRARIES = YES;
				CODE_SIGN_STYLE = Automatic;
				CURRENT_PROJECT_VERSION = 1;
				DEVELOPMENT_TEAM = KU7F2485C4;
				GENERATE_INFOPLIST_FILE = YES;
				MARKETING_VERSION = 1.0;
				PRODUCT_BUNDLE_IDENTIFIER = com.CYBRXT.KeyboardToolkitUITests;
				PRODUCT_NAME = "$(TARGET_NAME)";
				SWIFT_EMIT_LOC_STRINGS = NO;
				SWIFT_VERSION = 5.0;
				TEST_TARGET_NAME = KeyboardToolkit;
			};
			name = Debug;
		};
		739C1FA529A55A6A00BA11A6 /* Release */ = {
			isa = XCBuildConfiguration;
			buildSettings = {
				ALWAYS_EMBED_SWIFT_STANDARD_LIBRARIES = YES;
				CODE_SIGN_STYLE = Automatic;
				CURRENT_PROJECT_VERSION = 1;
				DEVELOPMENT_TEAM = KU7F2485C4;
				GENERATE_INFOPLIST_FILE = YES;
				MARKETING_VERSION = 1.0;
				PRODUCT_BUNDLE_IDENTIFIER = com.CYBRXT.KeyboardToolkitUITests;
				PRODUCT_NAME = "$(TARGET_NAME)";
				SWIFT_EMIT_LOC_STRINGS = NO;
				SWIFT_VERSION = 5.0;
				TEST_TARGET_NAME = KeyboardToolkit;
			};
			name = Release;
		};
/* End XCBuildConfiguration section */

/* Begin XCConfigurationList section */
		739C1F7329A55A6900BA11A6 /* Build configuration list for PBXProject "KeyboardToolkit" */ = {
			isa = XCConfigurationList;
			buildConfigurations = (
				739C1F9B29A55A6A00BA11A6 /* Debug */,
				739C1F9C29A55A6A00BA11A6 /* Release */,
			);
			defaultConfigurationIsVisible = 0;
			defaultConfigurationName = Release;
		};
		739C1F9D29A55A6A00BA11A6 /* Build configuration list for PBXNativeTarget "KeyboardToolkit" */ = {
			isa = XCConfigurationList;
			buildConfigurations = (
				739C1F9E29A55A6A00BA11A6 /* Debug */,
				739C1F9F29A55A6A00BA11A6 /* Release */,
			);
			defaultConfigurationIsVisible = 0;
			defaultConfigurationName = Release;
		};
		739C1FA029A55A6A00BA11A6 /* Build configuration list for PBXNativeTarget "KeyboardToolkitTests" */ = {
			isa = XCConfigurationList;
			buildConfigurations = (
				739C1FA129A55A6A00BA11A6 /* Debug */,
				739C1FA229A55A6A00BA11A6 /* Release */,
			);
			defaultConfigurationIsVisible = 0;
			defaultConfigurationName = Release;
		};
		739C1FA329A55A6A00BA11A6 /* Build configuration list for PBXNativeTarget "KeyboardToolkitUITests" */ = {
			isa = XCConfigurationList;
			buildConfigurations = (
				739C1FA429A55A6A00BA11A6 /* Debug */,
				739C1FA529A55A6A00BA11A6 /* Release */,
			);
			defaultConfigurationIsVisible = 0;
			defaultConfigurationName = Release;
		};
/* End XCConfigurationList section */
	};
	rootObject = 739C1F7029A55A6900BA11A6 /* Project object */;
}
